
Microsoft Visual Studio Solution File, Format Version 12.00
# Visual Studio Version 16
VisualStudioVersion = 16.0.30128.74
MinimumVisualStudioVersion = 10.0.40219.1
Project("{FAE04EC0-301F-11D3-BF4B-00C04F79EFBC}") = "TransactionData.WebAPI", "TransactionData.WebAPI\TransactionData.WebAPI.csproj", "{974ABE1E-6E63-4D4C-BB06-8A6F4EAC227B}"
EndProject
Global
	GlobalSection(SolutionConfigurationPlatforms) = preSolution
		Debug|Any CPU = Debug|Any CPU
		Release|Any CPU = Release|Any CPU
	EndGlobalSection
	GlobalSection(ProjectConfigurationPlatforms) = postSolution
		{974ABE1E-6E63-4D4C-BB06-8A6F4EAC227B}.Debug|Any CPU.ActiveCfg = Debug|Any CPU
		{974ABE1E-6E63-4D4C-BB06-8A6F4EAC227B}.Debug|Any CPU.Build.0 = Debug|Any CPU
		{974ABE1E-6E63-4D4C-BB06-8A6F4EAC227B}.Release|Any CPU.ActiveCfg = Release|Any CPU
		{974ABE1E-6E63-4D4C-BB06-8A6F4EAC227B}.Release|Any CPU.Build.0 = Release|Any CPU
	EndGlobalSection
	GlobalSection(SolutionProperties) = preSolution
		HideSolutionNode = FALSE
	EndGlobalSection
	GlobalSection(ExtensibilityGlobals) = postSolution
		SolutionGuid = {42E1B517-A4D4-438B-91FE-5357D76F8FED}
	EndGlobalSection
EndGlobal
